
Microsoft Visual Studio Solution File, Format Version 12.00
# Visual Studio Version 16
VisualStudioVersion = 16.0.31321.278
MinimumVisualStudioVersion = 10.0.40219.1
Project("{FAE04EC0-301F-11D3-BF4B-00C04F79EFBC}") = "GOF", "GOF\GOF.csproj", "{74C30A5A-28B4-4E78-9388-E240AD735E4D}"
EndProject
Global
	GlobalSection(SolutionConfigurationPlatforms) = preSolution
		Debug|Any CPU = Debug|Any CPU
		Release|Any CPU = Release|Any CPU
	EndGlobalSection
	GlobalSection(ProjectConfigurationPlatforms) = postSolution
		{74C30A5A-28B4-4E78-9388-E240AD735E4D}.Debug|Any CPU.ActiveCfg = Debug|Any CPU
		{74C30A5A-28B4-4E78-9388-E240AD735E4D}.Debug|Any CPU.Build.0 = Debug|Any CPU
		{74C30A5A-28B4-4E78-9388-E240AD735E4D}.Release|Any CPU.ActiveCfg = Release|Any CPU
		{74C30A5A-28B4-4E78-9388-E240AD735E4D}.Release|Any CPU.Build.0 = Release|Any CPU
	EndGlobalSection
	GlobalSection(SolutionProperties) = preSolution
		HideSolutionNode = FALSE
	EndGlobalSection
	GlobalSection(ExtensibilityGlobals) = postSolution
		SolutionGuid = {70304704-DCC9-44E5-BFF6-21FF80456748}
	EndGlobalSection
EndGlobal
